{
  "name": "ao-twitter-bot",
  "version": "1.0.0",
  "lockfileVersion": 1,
  "requires": true,
  "dependencies": {
    "dotenv": {
      "version": "6.0.0",
      "resolved": "https://registry.npmjs.org/dotenv/-/dotenv-6.0.0.tgz",
      "integrity": "sha512-FlWbnhgjtwD+uNLUGHbMykMOYQaTivdHEmYwAKFjn6GKe/CqY0fNae93ZHTd20snh9ZLr8mTzIL9m0APQ1pjQg=="
    },
    "twit": {
      "version": "2.2.11",
      "resolved": "https://registry.npmjs.org/twit/-/twit-2.2.11.tgz",
      "integrity": "sha512-BkdwvZGRVoUTcEBp0zuocuqfih4LB+kEFUWkWJOVBg6pAE9Ebv9vmsYTTrfXleZGf45Bj5H3A1/O9YhF2uSYNg=="
    }
  }
}
